// !$*UTF8*$!
{
	archiveVersion = 1;
	classes = {
	};
	objectVersion = 48;
	objects = {

/* Begin PBXBuildFile section */
		107DE8E31F6AE5C1008C9BBF /* AppDelegate.swift in Sources */ = {isa = PBXBuildFile; fileRef = 107DE8E21F6AE5C1008C9BBF /* AppDelegate.swift */; };
		107DE8E51F6AE5C1008C9BBF /* ViewController.swift in Sources */ = {isa = PBXBuildFile; fileRef = 107DE8E41F6AE5C1008C9BBF /* ViewController.swift */; };
		107DE8E81F6AE5C1008C9BBF /* Main.storyboard in Resources */ = {isa = PBXBuildFile; fileRef = 107DE8E61F6AE5C1008C9BBF /* Main.storyboard */; };
		107DE8EA1F6AE5C1008C9BBF /* Assets.xcassets in Resources */ = {isa = PBXBuildFile; fileRef = 107DE8E91F6AE5C1008C9BBF /* Assets.xcassets */; };
		107DE8ED1F6AE5C1008C9BBF /* LaunchScreen.storyboard in Resources */ = {isa = PBXBuildFile; fileRef = 107DE8EB1F6AE5C1008C9BBF /* LaunchScreen.storyboard */; };
/* End PBXBuildFile section */

/* Begin PBXFileReference section */
		107DE8DF1F6AE5C1008C9BBF /* SimpleARG.app */ = {isa = PBXFileReference; explicitFileType = wrapper.application; includeInIndex = 0; path = SimpleARG.app; sourceTree = BUILT_PRODUCTS_DIR; };
		107DE8E21F6AE5C1008C9BBF /* AppDelegate.swift */ = {isa = PBXFileReference; lastKnownFileType = sourcecode.swift; path = AppDelegate.swift; sourceTree = "<group>"; };
		107DE8E41F6AE5C1008C9BBF /* ViewController.swift */ = {isa = PBXFileReference; lastKnownFileType = sourcecode.swift; path = ViewController.swift; sourceTree = "<group>"; };
		107DE8E71F6AE5C1008C9BBF /* Base */ = {isa = PBXFileReference; lastKnownFileType = file.storyboard; name = Base; path = Base.lproj/Main.storyboard; sourceTree = "<group>"; };
		107DE8E91F6AE5C1008C9BBF /* Assets.xcassets */ = {isa = PBXFileReference; lastKnownFileType = folder.assetcatalog; path = Assets.xcassets; sourceTree = "<group>"; };
		107DE8EC1F6AE5C1008C9BBF /* Base */ = {isa = PBXFileReference; lastKnownFileType = file.storyboard; name = Base; path = Base.lproj/LaunchScreen.storyboard; sourceTree = "<group>"; };
		107DE8EE1F6AE5C1008C9BBF /* Info.plist */ = {isa = PBXFileReference; lastKnownFileType = text.plist.xml; path = Info.plist; sourceTree = "<group>"; };
/* End PBXFileReference section */

/* Begin PBXFrameworksBuildPhase section */
		107DE8DC1F6AE5C1008C9BBF /* Frameworks */ = {
			isa = PBXFrameworksBuildPhase;
			buildActionMask = 2147483647;
			files = (
			);
			runOnlyForDeploymentPostprocessing = 0;
		};
/* End PBXFrameworksBuildPhase section */

/* Begin PBXGroup section */
		107DE8D61F6AE5C1008C9BBF = {
			isa = PBXGroup;
			children = (
				107DE8E11F6AE5C1008C9BBF /* SimpleARG */,
				107DE8E01F6AE5C1008C9BBF /* Products */,
			);
			sourceTree = "<group>";
		};
		107DE8E01F6AE5C1008C9BBF /* Products */ = {
			isa = PBXGroup;
			children = (
				107DE8DF1F6AE5C1008C9BBF /* SimpleARG.app */,
			);
			name = Products;
			sourceTree = "<group>";
		};
		107DE8E11F6AE5C1008C9BBF /* SimpleARG */ = {
			isa = PBXGroup;
			children = (
				107DE8E21F6AE5C1008C9BBF /* AppDelegate.swift */,
				107DE8E41F6AE5C1008C9BBF /* ViewController.swift */,
				107DE8E61F6AE5C1008C9BBF /* Main.storyboard */,
				107DE8E91F6AE5C1008C9BBF /* Assets.xcassets */,
				107DE8EB1F6AE5C1008C9BBF /* LaunchScreen.storyboard */,
				107DE8EE1F6AE5C1008C9BBF /* Info.plist */,
			);
			path = SimpleARG;
			sourceTree = "<group>";
		};
/* End PBXGroup section */

/* Begin PBXNativeTarget section */
		107DE8DE1F6AE5C1008C9BBF /* SimpleARG */ = {
			isa = PBXNativeTarget;
			buildConfigurationList = 107DE8F11F6AE5C1008C9BBF /* Build configuration list for PBXNativeTarget "SimpleARG" */;
			buildPhases = (
				107DE8DB1F6AE5C1008C9BBF /* Sources */,
				107DE8DC1F6AE5C1008C9BBF /* Frameworks */,
				107DE8DD1F6AE5C1008C9BBF /* Resources */,
			);
			buildRules = (
			);
			dependencies = (
			);
			name = SimpleARG;
			productName = SimpleARG;
			productReference = 107DE8DF1F6AE5C1008C9BBF /* SimpleARG.app */;
			productType = "com.apple.product-type.application";
		};
/* End PBXNativeTarget section */

/* Begin PBXProject section */
		107DE8D71F6AE5C1008C9BBF /* Project object */ = {
			isa = PBXProject;
			attributes = {
				LastSwiftUpdateCheck = 0900;
				LastUpgradeCheck = 0900;
				ORGANIZATIONNAME = "Angelica Barreda";
				TargetAttributes = {
					107DE8DE1F6AE5C1008C9BBF = {
						CreatedOnToolsVersion = 9.0;
						ProvisioningStyle = Automatic;
					};
				};
			};
			buildConfigurationList = 107DE8DA1F6AE5C1008C9BBF /* Build configuration list for PBXProject "SimpleARG" */;
			compatibilityVersion = "Xcode 8.0";
			developmentRegion = en;
			hasScannedForEncodings = 0;
			knownRegions = (
				en,
				Base,
			);
			mainGroup = 107DE8D61F6AE5C1008C9BBF;
			productRefGroup = 107DE8E01F6AE5C1008C9BBF /* Products */;
			projectDirPath = "";
			projectRoot = "";
			targets = (
				107DE8DE1F6AE5C1008C9BBF /* SimpleARG */,
			);
		};
/* End PBXProject section */

/* Begin PBXResourcesBuildPhase section */
		107DE8DD1F6AE5C1008C9BBF /* Resources */ = {
			isa = PBXResourcesBuildPhase;
			buildActionMask = 2147483647;
			files = (
				107DE8ED1F6AE5C1008C9BBF /* LaunchScreen.storyboard in Resources */,
				107DE8EA1F6AE5C1008C9BBF /* Assets.xcassets in Resources */,
				107DE8E81F6AE5C1008C9BBF /* Main.storyboard in Resources */,
			);
			runOnlyForDeploymentPostprocessing = 0;
		};
/* End PBXResourcesBuildPhase section */

/* Begin PBXSourcesBuildPhase section */
		107DE8DB1F6AE5C1008C9BBF /* Sources */ = {
			isa = PBXSourcesBuildPhase;
			buildActionMask = 2147483647;
			files = (
				107DE8E51F6AE5C1008C9BBF /* ViewController.swift in Sources */,
				107DE8E31F6AE5C1008C9BBF /* AppDelegate.swift in Sources */,
			);
			runOnlyForDeploymentPostprocessing = 0;
		};
/* End PBXSourcesBuildPhase section */

/* Begin PBXVariantGroup section */
		107DE8E61F6AE5C1008C9BBF /* Main.storyboard */ = {
			isa = PBXVariantGroup;
			children = (
				107DE8E71F6AE5C1008C9BBF /* Base */,
			);
			name = Main.storyboard;
			sourceTree = "<group>";
		};
		107DE8EB1F6AE5C1008C9BBF /* LaunchScreen.storyboard */ = {
			isa = PBXVariantGroup;
			children = (
				107DE8EC1F6AE5C1008C9BBF /* Base */,
			);
			name = LaunchScreen.storyboard;
			sourceTree = "<group>";
		};
/* End PBXVariantGroup section */

/* Begin XCBuildConfiguration section */
		107DE8EF1F6AE5C1008C9BBF /* Debug */ = {
			isa = XCBuildConfiguration;
			buildSettings = {
				ALWAYS_SEARCH_USER_PATHS = NO;
				CLANG_ANALYZER_NONNULL = YES;
				CLANG_ANALYZER_NUMBER_OBJECT_CONVERSION = YES_AGGRESSIVE;
				CLANG_CXX_LANGUAGE_STANDARD = "gnu++14";
				CLANG_CXX_LIBRARY = "libc++";
				CLANG_ENABLE_MODULES = YES;
				CLANG_ENABLE_OBJC_ARC = YES;
				CLANG_WARN_BLOCK_CAPTURE_AUTORELEASING = YES;
				CLANG_WARN_BOOL_CONVERSION = YES;
				CLANG_WARN_COMMA = YES;
				CLANG_WARN_CONSTANT_CONVERSION = YES;
				CLANG_WARN_DIRECT_OBJC_ISA_USAGE = YES_ERROR;
				CLANG_WARN_DOCUMENTATION_COMMENTS = YES;
				CLANG_WARN_EMPTY_BODY = YES;
				CLANG_WARN_ENUM_CONVERSION = YES;
				CLANG_WARN_INFINITE_RECURSION = YES;
				CLANG_WARN_INT_CONVERSION = YES;
				CLANG_WARN_NON_LITERAL_NULL_CONVERSION = YES;
				CLANG_WARN_OBJC_LITERAL_CONVERSION = YES;
				CLANG_WARN_OBJC_ROOT_CLASS = YES_ERROR;
				CLANG_WARN_RANGE_LOOP_ANALYSIS = YES;
				CLANG_WARN_STRICT_PROTOTYPES = YES;
				CLANG_WARN_SUSPICIOUS_MOVE = YES;
				CLANG_WARN_UNGUARDED_AVAILABILITY = YES_AGGRESSIVE;
				CLANG_WARN_UNREACHABLE_CODE = YES;
				CLANG_WARN__DUPLICATE_METHOD_MATCH = YES;
				CODE_SIGN_IDENTITY = "iPhone Developer";
				COPY_PHASE_STRIP = NO;
				DEBUG_INFORMATION_FORMAT = dwarf;
				ENABLE_STRICT_OBJC_MSGSEND = YES;
				ENABLE_TESTABILITY = YES;
				GCC_C_LANGUAGE_STANDARD = gnu11;
				GCC_DYNAMIC_NO_PIC = NO;
				GCC_NO_COMMON_BLOCKS = YES;
				GCC_OPTIMIZATION_LEVEL = 0;
				GCC_PREPROCESSOR_DEFINITIONS = (
					"DEBUG=1",
					"$(inherited)",
				);
				GCC_WARN_64_TO_32_BIT_CONVERSION = YES;
				GCC_WARN_ABOUT_RETURN_TYPE = YES_ERROR;
				GCC_WARN_UNDECLARED_SELECTOR = YES;
				GCC_WARN_UNINITIALIZED_AUTOS = YES_AGGRESSIVE;
				GCC_WARN_UNUSED_FUNCTION = YES;
				GCC_WARN_UNUSED_VARIABLE = YES;
				IPHONEOS_DEPLOYMENT_TARGET = 11.0;
				MTL_ENABLE_DEBUG_INFO = YES;
				ONLY_ACTIVE_ARCH = YES;
				SDKROOT = iphoneos;
				SWIFT_ACTIVE_COMPILATION_CONDITIONS = DEBUG;
				SWIFT_OPTIMIZATION_LEVEL = "-Onone";
			};
			name = Debug;
		};
		107DE8F01F6AE5C1008C9BBF /* Release */ = {
			isa = XCBuildConfiguration;
			buildSettings = {
				ALWAYS_SEARCH_USER_PATHS = NO;
				CLANG_ANALYZER_NONNULL = YES;
				CLANG_ANALYZER_NUMBER_OBJECT_CONVERSION = YES_AGGRESSIVE;
				CLANG_CXX_LANGUAGE_STANDARD = "gnu++14";
				CLANG_CXX_LIBRARY = "libc++";
				CLANG_ENABLE_MODULES = YES;
				CLANG_ENABLE_OBJC_ARC = YES;
				CLANG_WARN_BLOCK_CAPTURE_AUTORELEASING = YES;
				CLANG_WARN_BOOL_CONVERSION = YES;
				CLANG_WARN_COMMA = YES;
				CLANG_WARN_CONSTANT_CONVERSION = YES;
				CLANG_WARN_DIRECT_OBJC_ISA_USAGE = YES_ERROR;
				CLANG_WARN_DOCUMENTATION_COMMENTS = YES;
				CLANG_WARN_EMPTY_BODY = YES;
				CLANG_WARN_ENUM_CONVERSION = YES;
				CLANG_WARN_INFINITE_RECURSION = YES;
				CLANG_WARN_INT_CONVERSION = YES;
				CLANG_WARN_NON_LITERAL_NULL_CONVERSION = YES;
				CLANG_WARN_OBJC_LITERAL_CONVERSION = YES;
				CLANG_WARN_OBJC_ROOT_CLASS = YES_ERROR;
				CLANG_WARN_RANGE_LOOP_ANALYSIS = YES;
				CLANG_WARN_STRICT_PROTOTYPES = YES;
				CLANG_WARN_SUSPICIOUS_MOVE = YES;
				CLANG_WARN_UNGUARDED_AVAILABILITY = YES_AGGRESSIVE;
				CLANG_WARN_UNREACHABLE_CODE = YES;
				CLANG_WARN__DUPLICATE_METHOD_MATCH = YES;
				CODE_SIGN_IDENTITY = "iPhone Developer";
				COPY_PHASE_STRIP = NO;
				DEBUG_INFORMATION_FORMAT = "dwarf-with-dsym";
				ENABLE_NS_ASSERTIONS = NO;
				ENABLE_STRICT_OBJC_MSGSEND = YES;
				GCC_C_LANGUAGE_STANDARD = gnu11;
				GCC_NO_COMMON_BLOCKS = YES;
				GCC_WARN_64_TO_32_BIT_CONVERSION = YES;
				GCC_WARN_ABOUT_RETURN_TYPE = YES_ERROR;
				GCC_WARN_UNDECLARED_SELECTOR = YES;
				GCC_WARN_UNINITIALIZED_AUTOS = YES_AGGRESSIVE;
				GCC_WARN_UNUSED_FUNCTION = YES;
				GCC_WARN_UNUSED_VARIABLE = YES;
				IPHONEOS_DEPLOYMENT_TARGET = 11.0;
				MTL_ENABLE_DEBUG_INFO = NO;
				SDKROOT = iphoneos;
				SWIFT_OPTIMIZATION_LEVEL = "-Owholemodule";
				VALIDATE_PRODUCT = YES;
			};
			name = Release;
		};
		107DE8F21F6AE5C1008C9BBF /* Debug */ = {
			isa = XCBuildConfiguration;
			buildSettings = {
				ASSETCATALOG_COMPILER_APPICON_NAME = AppIcon;
				CODE_SIGN_STYLE = Automatic;
				DEVELOPMENT_TEAM = 9UB4AGXM92;
				INFOPLIST_FILE = SimpleARG/Info.plist;
				LD_RUNPATH_SEARCH_PATHS = "$(inherited) @executable_path/Frameworks";
				PRODUCT_BUNDLE_IDENTIFIER = com.angelicaShates.SimpleARG;
				PRODUCT_NAME = "$(TARGET_NAME)";
				SWIFT_VERSION = 4.0;
				TARGETED_DEVICE_FAMILY = "1,2";
			};
			name = Debug;
		};
		107DE8F31F6AE5C1008C9BBF /* Release */ = {
			isa = XCBuildConfiguration;
			buildSettings = {
				ASSETCATALOG_COMPILER_APPICON_NAME = AppIcon;
				CODE_SIGN_STYLE = Automatic;
				DEVELOPMENT_TEAM = 9UB4AGXM92;
				INFOPLIST_FILE = SimpleARG/Info.plist;
				LD_RUNPATH_SEARCH_PATHS = "$(inherited) @executable_path/Frameworks";
				PRODUCT_BUNDLE_IDENTIFIER = com.angelicaShates.SimpleARG;
				PRODUCT_NAME = "$(TARGET_NAME)";
				SWIFT_VERSION = 4.0;
				TARGETED_DEVICE_FAMILY = "1,2";
			};
			name = Release;
		};
/* End XCBuildConfiguration section */

/* Begin XCConfigurationList section */
		107DE8DA1F6AE5C1008C9BBF /* Build configuration list for PBXProject "SimpleARG" */ = {
			isa = XCConfigurationList;
			buildConfigurations = (
				107DE8EF1F6AE5C1008C9BBF /* Debug */,
				107DE8F01F6AE5C1008C9BBF /* Release */,
			);
			defaultConfigurationIsVisible = 0;
			defaultConfigurationName = Release;
		};
		107DE8F11F6AE5C1008C9BBF /* Build configuration list for PBXNativeTarget "SimpleARG" */ = {
			isa = XCConfigurationList;
			buildConfigurations = (
				107DE8F21F6AE5C1008C9BBF /* Debug */,
				107DE8F31F6AE5C1008C9BBF /* Release */,
			);
			defaultConfigurationIsVisible = 0;
			defaultConfigurationName = Release;
		};
/* End XCConfigurationList section */
	};
	rootObject = 107DE8D71F6AE5C1008C9BBF /* Project object */;
}
